
Microsoft Visual Studio Solution File, Format Version 12.00
# Visual Studio 15
VisualStudioVersion = 15.0.28010.2026
MinimumVisualStudioVersion = 10.0.40219.1
Project("{FAE04EC0-301F-11D3-BF4B-00C04F79EFBC}") = "FirstTask", "PreparationTasks\FirstTask.csproj", "{5DA64F1D-C189-4DC5-955A-E39400F90EE2}"
EndProject
Project("{FAE04EC0-301F-11D3-BF4B-00C04F79EFBC}") = "ThirdTask", "ThirdTask\ThirdTask.csproj", "{28075652-49E2-478E-B3D5-E8AAEE659F16}"
EndProject
Project("{FAE04EC0-301F-11D3-BF4B-00C04F79EFBC}") = "SecondTask", "SecondTask\SecondTask.csproj", "{216B2A3D-92EB-422D-AA2F-4AFE02337581}"
EndProject
Project("{FAE04EC0-301F-11D3-BF4B-00C04F79EFBC}") = "FourthTask", "FourthTask\FourthTask.csproj", "{65CCEAAC-3CA5-47C1-B1A3-196702E4DC49}"
EndProject
Project("{FAE04EC0-301F-11D3-BF4B-00C04F79EFBC}") = "FifthTask", "FifthTask\FifthTask.csproj", "{82ADA934-6987-4D32-8AD0-6DD87DACE567}"
EndProject
Project("{FAE04EC0-301F-11D3-BF4B-00C04F79EFBC}") = "SixthTask", "SixthTask\SixthTask.csproj", "{4D30B3E2-2EBC-41D1-81C2-6437C596D0E7}"
EndProject
Project("{FAE04EC0-301F-11D3-BF4B-00C04F79EFBC}") = "SeventhTask", "SeventhTask\SeventhTask.csproj", "{3D59B3BE-2F27-40E3-AE94-3E3C071E3B6C}"
EndProject
Global
	GlobalSection(SolutionConfigurationPlatforms) = preSolution
		Debug|Any CPU = Debug|Any CPU
		Release|Any CPU = Release|Any CPU
	EndGlobalSection
	GlobalSection(ProjectConfigurationPlatforms) = postSolution
		{5DA64F1D-C189-4DC5-955A-E39400F90EE2}.Debug|Any CPU.ActiveCfg = Debug|Any CPU
		{5DA64F1D-C189-4DC5-955A-E39400F90EE2}.Debug|Any CPU.Build.0 = Debug|Any CPU
		{5DA64F1D-C189-4DC5-955A-E39400F90EE2}.Release|Any CPU.ActiveCfg = Release|Any CPU
		{5DA64F1D-C189-4DC5-955A-E39400F90EE2}.Release|Any CPU.Build.0 = Release|Any CPU
		{28075652-49E2-478E-B3D5-E8AAEE659F16}.Debug|Any CPU.ActiveCfg = Debug|Any CPU
		{28075652-49E2-478E-B3D5-E8AAEE659F16}.Debug|Any CPU.Build.0 = Debug|Any CPU
		{28075652-49E2-478E-B3D5-E8AAEE659F16}.Release|Any CPU.ActiveCfg = Release|Any CPU
		{28075652-49E2-478E-B3D5-E8AAEE659F16}.Release|Any CPU.Build.0 = Release|Any CPU
		{216B2A3D-92EB-422D-AA2F-4AFE02337581}.Debug|Any CPU.ActiveCfg = Debug|Any CPU
		{216B2A3D-92EB-422D-AA2F-4AFE02337581}.Debug|Any CPU.Build.0 = Debug|Any CPU
		{216B2A3D-92EB-422D-AA2F-4AFE02337581}.Release|Any CPU.ActiveCfg = Release|Any CPU
		{216B2A3D-92EB-422D-AA2F-4AFE02337581}.Release|Any CPU.Build.0 = Release|Any CPU
		{65CCEAAC-3CA5-47C1-B1A3-196702E4DC49}.Debug|Any CPU.ActiveCfg = Debug|Any CPU
		{65CCEAAC-3CA5-47C1-B1A3-196702E4DC49}.Debug|Any CPU.Build.0 = Debug|Any CPU
		{65CCEAAC-3CA5-47C1-B1A3-196702E4DC49}.Release|Any CPU.ActiveCfg = Release|Any CPU
		{65CCEAAC-3CA5-47C1-B1A3-196702E4DC49}.Release|Any CPU.Build.0 = Release|Any CPU
		{82ADA934-6987-4D32-8AD0-6DD87DACE567}.Debug|Any CPU.ActiveCfg = Debug|Any CPU
		{82ADA934-6987-4D32-8AD0-6DD87DACE567}.Debug|Any CPU.Build.0 = Debug|Any CPU
		{82ADA934-6987-4D32-8AD0-6DD87DACE567}.Release|Any CPU.ActiveCfg = Release|Any CPU
		{82ADA934-6987-4D32-8AD0-6DD87DACE567}.Release|Any CPU.Build.0 = Release|Any CPU
		{4D30B3E2-2EBC-41D1-81C2-6437C596D0E7}.Debug|Any CPU.ActiveCfg = Debug|Any CPU
		{4D30B3E2-2EBC-41D1-81C2-6437C596D0E7}.Debug|Any CPU.Build.0 = Debug|Any CPU
		{4D30B3E2-2EBC-41D1-81C2-6437C596D0E7}.Release|Any CPU.ActiveCfg = Release|Any CPU
		{4D30B3E2-2EBC-41D1-81C2-6437C596D0E7}.Release|Any CPU.Build.0 = Release|Any CPU
		{3D59B3BE-2F27-40E3-AE94-3E3C071E3B6C}.Debug|Any CPU.ActiveCfg = Debug|Any CPU
		{3D59B3BE-2F27-40E3-AE94-3E3C071E3B6C}.Debug|Any CPU.Build.0 = Debug|Any CPU
		{3D59B3BE-2F27-40E3-AE94-3E3C071E3B6C}.Release|Any CPU.ActiveCfg = Release|Any CPU
		{3D59B3BE-2F27-40E3-AE94-3E3C071E3B6C}.Release|Any CPU.Build.0 = Release|Any CPU
	EndGlobalSection
	GlobalSection(SolutionProperties) = preSolution
		HideSolutionNode = FALSE
	EndGlobalSection
	GlobalSection(ExtensibilityGlobals) = postSolution
		SolutionGuid = {3E15209E-5877-4AB3-A3A4-937B2E2DCC10}
	EndGlobalSection
EndGlobal
